// !$*UTF8*$!
{
	archiveVersion = 1;
	classes = {
	};
	objectVersion = 46;
	objects = {

/* Begin PBXBuildFile section */
		4F86D233DCC5443ECC77F07A /* CalculatorAppUITests.swift in Sources */ = {isa = PBXBuildFile; fileRef = 4F86D82DC8DB5EC4CDD710FB /* CalculatorAppUITests.swift */; };
		4F86D3FEB865EA54F489D8E8 /* Main.storyboard in Resources */ = {isa = PBXBuildFile; fileRef = 4F86DF000CB76344B5A9DD68 /* Main.storyboard */; };
		4F86D84171DD743F836AC561 /* AppDelegate.swift in Sources */ = {isa = PBXBuildFile; fileRef = 4F86DE6D5354FD21A35EDDA5 /* AppDelegate.swift */; };
		4F86D91C9C1B0E82713877E3 /* Assets.xcassets in Resources */ = {isa = PBXBuildFile; fileRef = 4F86D2E100A927D5E039EFF8 /* Assets.xcassets */; };
		4F86DE0C278375DCA2ED9DFF /* ViewController.swift in Sources */ = {isa = PBXBuildFile; fileRef = 4F86DE3F27111E3EBBB0B0EA /* ViewController.swift */; };
		4F86DEDA563E7055BD1EDA14 /* CalculatorAppTests.swift in Sources */ = {isa = PBXBuildFile; fileRef = 4F86D02906C7AEF5A3F2B025 /* CalculatorAppTests.swift */; };
		4F86DFB85715FC6513191F98 /* LaunchScreen.storyboard in Resources */ = {isa = PBXBuildFile; fileRef = 4F86D4EE40FF351FD4FAD639 /* LaunchScreen.storyboard */; };
		7DD22217EB67188957CBA503 /* Pods_CalculatorApp.framework in Frameworks */ = {isa = PBXBuildFile; fileRef = 5F95EF154C535E5F35117CF7 /* Pods_CalculatorApp.framework */; };
/* End PBXBuildFile section */

/* Begin PBXContainerItemProxy section */
		4F86D425FF8BF7226B50F6DB /* PBXContainerItemProxy */ = {
			isa = PBXContainerItemProxy;
			containerPortal = 4F86DFF61BD56A0067C59EBD /* Project object */;
			proxyType = 1;
			remoteGlobalIDString = 4F86D3C4FB6977F5FD4CAAA4;
			remoteInfo = CalculatorApp;
		};
		4F86DE45B35E185CB7CF7C5D /* PBXContainerItemProxy */ = {
			isa = PBXContainerItemProxy;
			containerPortal = 4F86DFF61BD56A0067C59EBD /* Project object */;
			proxyType = 1;
			remoteGlobalIDString = 4F86D3C4FB6977F5FD4CAAA4;
			remoteInfo = CalculatorApp;
		};
/* End PBXContainerItemProxy section */

/* Begin PBXFileReference section */
		13FCE933817E55908D3FC556 /* Pods-CalculatorApp.release.xcconfig */ = {isa = PBXFileReference; includeInIndex = 1; lastKnownFileType = text.xcconfig; name = "Pods-CalculatorApp.release.xcconfig"; path = "Pods/Target Support Files/Pods-CalculatorApp/Pods-CalculatorApp.release.xcconfig"; sourceTree = "<group>"; };
		4F86D02906C7AEF5A3F2B025 /* CalculatorAppTests.swift */ = {isa = PBXFileReference; lastKnownFileType = sourcecode.swift; path = CalculatorAppTests.swift; sourceTree = "<group>"; };
		4F86D0C5190DB9F4658B9A0A /* Info.plist */ = {isa = PBXFileReference; lastKnownFileType = text.plist.info; path = Info.plist; sourceTree = "<group>"; };
		4F86D175F32A4353F947B886 /* Info.plist */ = {isa = PBXFileReference; lastKnownFileType = text.plist.info; path = Info.plist; sourceTree = "<group>"; };
		4F86D181205B4E8876A83F57 /* CalculatorApp.app */ = {isa = PBXFileReference; explicitFileType = wrapper.application; includeInIndex = 0; path = CalculatorApp.app; sourceTree = BUILT_PRODUCTS_DIR; };
		4F86D2E100A927D5E039EFF8 /* Assets.xcassets */ = {isa = PBXFileReference; lastKnownFileType = folder.assetcatalog; path = Assets.xcassets; sourceTree = "<group>"; };
		4F86D349E556E6F56D34D595 /* Info.plist */ = {isa = PBXFileReference; lastKnownFileType = text.plist.info; path = Info.plist; sourceTree = "<group>"; };
		4F86D46BE297AA7DBD6B138D /* CalculatorAppTests.xctest */ = {isa = PBXFileReference; explicitFileType = wrapper.cfbundle; includeInIndex = 0; path = CalculatorAppTests.xctest; sourceTree = BUILT_PRODUCTS_DIR; };
		4F86D492B56BB1A7A3C0E239 /* Base */ = {isa = PBXFileReference; lastKnownFileType = file.storyboard; name = Base; path = Base.lproj/LaunchScreen.storyboard; sourceTree = "<group>"; };
		4F86D7D8FA6EEADF4A772F9D /* Base */ = {isa = PBXFileReference; lastKnownFileType = file.storyboard; name = Base; path = Base.lproj/Main.storyboard; sourceTree = "<group>"; };
		4F86D82DC8DB5EC4CDD710FB /* CalculatorAppUITests.swift */ = {isa = PBXFileReference; lastKnownFileType = sourcecode.swift; path = CalculatorAppUITests.swift; sourceTree = "<group>"; };
		4F86DC1BD9C03116D088A3FF /* CalculatorAppUITests.xctest */ = {isa = PBXFileReference; explicitFileType = wrapper.cfbundle; includeInIndex = 0; path = CalculatorAppUITests.xctest; sourceTree = BUILT_PRODUCTS_DIR; };
		4F86DE3F27111E3EBBB0B0EA /* ViewController.swift */ = {isa = PBXFileReference; lastKnownFileType = sourcecode.swift; path = ViewController.swift; sourceTree = "<group>"; };
		4F86DE6D5354FD21A35EDDA5 /* AppDelegate.swift */ = {isa = PBXFileReference; lastKnownFileType = sourcecode.swift; path = AppDelegate.swift; sourceTree = "<group>"; };
		5F95EF154C535E5F35117CF7 /* Pods_CalculatorApp.framework */ = {isa = PBXFileReference; explicitFileType = wrapper.framework; includeInIndex = 0; path = Pods_CalculatorApp.framework; sourceTree = BUILT_PRODUCTS_DIR; };
		A09E89390DD7DF93214C7AD9 /* Pods-CalculatorApp.debug.xcconfig */ = {isa = PBXFileReference; includeInIndex = 1; lastKnownFileType = text.xcconfig; name = "Pods-CalculatorApp.debug.xcconfig"; path = "Pods/Target Support Files/Pods-CalculatorApp/Pods-CalculatorApp.debug.xcconfig"; sourceTree = "<group>"; };
/* End PBXFileReference section */

/* Begin PBXFrameworksBuildPhase section */
		4F86D6532D73069E8A62535F /* Frameworks */ = {
			isa = PBXFrameworksBuildPhase;
			buildActionMask = 2147483647;
			files = (
			);
			runOnlyForDeploymentPostprocessing = 0;
		};
		4F86D74C6E48D4D3EDCE305D /* Frameworks */ = {
			isa = PBXFrameworksBuildPhase;
			buildActionMask = 2147483647;
			files = (
				7DD22217EB67188957CBA503 /* Pods_CalculatorApp.framework in Frameworks */,
			);
			runOnlyForDeploymentPostprocessing = 0;
		};
		4F86D7836DDE6F703539CDE9 /* Frameworks */ = {
			isa = PBXFrameworksBuildPhase;
			buildActionMask = 2147483647;
			files = (
			);
			runOnlyForDeploymentPostprocessing = 0;
		};
/* End PBXFrameworksBuildPhase section */

/* Begin PBXGroup section */
		4F86D2FE79995D2F407FFCA5 /* CalculatorAppTests */ = {
			isa = PBXGroup;
			children = (
				4F86D0C5190DB9F4658B9A0A /* Info.plist */,
				4F86D02906C7AEF5A3F2B025 /* CalculatorAppTests.swift */,
			);
			path = CalculatorAppTests;
			sourceTree = "<group>";
		};
		4F86D57ACBB14A66B5A57BED /* Products */ = {
			isa = PBXGroup;
			children = (
				4F86D181205B4E8876A83F57 /* CalculatorApp.app */,
				4F86D46BE297AA7DBD6B138D /* CalculatorAppTests.xctest */,
				4F86DC1BD9C03116D088A3FF /* CalculatorAppUITests.xctest */,
			);
			name = Products;
			sourceTree = "<group>";
		};
		4F86D5A4726CBF5A2049F830 /* CalculatorApp */ = {
			isa = PBXGroup;
			children = (
				4F86D175F32A4353F947B886 /* Info.plist */,
				4F86D2E100A927D5E039EFF8 /* Assets.xcassets */,
				4F86D4EE40FF351FD4FAD639 /* LaunchScreen.storyboard */,
				4F86DE6D5354FD21A35EDDA5 /* AppDelegate.swift */,
				4F86DF000CB76344B5A9DD68 /* Main.storyboard */,
				4F86DE3F27111E3EBBB0B0EA /* ViewController.swift */,
			);
			path = CalculatorApp;
			sourceTree = "<group>";
		};
		4F86DAE1078225F5E8F71A9F /* CalculatorAppUITests */ = {
			isa = PBXGroup;
			children = (
				4F86D349E556E6F56D34D595 /* Info.plist */,
				4F86D82DC8DB5EC4CDD710FB /* CalculatorAppUITests.swift */,
			);
			path = CalculatorAppUITests;
			sourceTree = "<group>";
		};
		4F86DE4C813E8C03C76AD2A8 = {
			isa = PBXGroup;
			children = (
				4F86D57ACBB14A66B5A57BED /* Products */,
				4F86D5A4726CBF5A2049F830 /* CalculatorApp */,
				4F86D2FE79995D2F407FFCA5 /* CalculatorAppTests */,
				4F86DAE1078225F5E8F71A9F /* CalculatorAppUITests */,
				903210F8E680A0FA83095742 /* Pods */,
				99E96961C5C278AD1990C64A /* Frameworks */,
			);
			sourceTree = "<group>";
		};
		903210F8E680A0FA83095742 /* Pods */ = {
			isa = PBXGroup;
			children = (
				A09E89390DD7DF93214C7AD9 /* Pods-CalculatorApp.debug.xcconfig */,
				13FCE933817E55908D3FC556 /* Pods-CalculatorApp.release.xcconfig */,
			);
			name = Pods;
			sourceTree = "<group>";
		};
		99E96961C5C278AD1990C64A /* Frameworks */ = {
			isa = PBXGroup;
			children = (
				5F95EF154C535E5F35117CF7 /* Pods_CalculatorApp.framework */,
			);
			name = Frameworks;
			sourceTree = "<group>";
		};
/* End PBXGroup section */

/* Begin PBXNativeTarget section */
		4F86D2560D45551FDC64EC88 /* CalculatorAppUITests */ = {
			isa = PBXNativeTarget;
			buildConfigurationList = 4F86D83B5E781E46A9C8C12F /* Build configuration list for PBXNativeTarget "CalculatorAppUITests" */;
			buildPhases = (
				4F86D7D16600BB3850C1F021 /* Sources */,
				4F86D6532D73069E8A62535F /* Frameworks */,
				4F86DAF3B4ED99601D323334 /* Resources */,
			);
			buildRules = (
			);
			dependencies = (
				4F86D250B09DC040D517D025 /* PBXTargetDependency */,
			);
			name = CalculatorAppUITests;
			productName = CalculatorAppUITests;
			productReference = 4F86DC1BD9C03116D088A3FF /* CalculatorAppUITests.xctest */;
			productType = "com.apple.product-type.bundle.ui-testing";
		};
		4F86D3C4FB6977F5FD4CAAA4 /* CalculatorApp */ = {
			isa = PBXNativeTarget;
			buildConfigurationList = 4F86D63FC3089D9F8280D937 /* Build configuration list for PBXNativeTarget "CalculatorApp" */;
			buildPhases = (
				840EF5E4BA51A1B886C6AB2F /* [CP] Check Pods Manifest.lock */,
				4F86D1CC79D64C5E04573104 /* Sources */,
				4F86D74C6E48D4D3EDCE305D /* Frameworks */,
				4F86D97C96E48C73E3C8818B /* Resources */,
				748D426A8F162767EBA46690 /* [CP] Embed Pods Frameworks */,
			);
			buildRules = (
			);
			dependencies = (
			);
			name = CalculatorApp;
			productName = CalculatorApp;
			productReference = 4F86D181205B4E8876A83F57 /* CalculatorApp.app */;
			productType = "com.apple.product-type.application";
		};
		4F86DF3A77810B01C2EB6451 /* CalculatorAppTests */ = {
			isa = PBXNativeTarget;
			buildConfigurationList = 4F86DFC49A49FBF39DCF603F /* Build configuration list for PBXNativeTarget "CalculatorAppTests" */;
			buildPhases = (
				4F86D3A02F03152FCCEF6C7A /* Sources */,
				4F86D7836DDE6F703539CDE9 /* Frameworks */,
				4F86D51D79A10BCA6248D09C /* Resources */,
			);
			buildRules = (
			);
			dependencies = (
				4F86DFC6C8F139429BBC8477 /* PBXTargetDependency */,
			);
			name = CalculatorAppTests;
			productName = CalculatorAppTests;
			productReference = 4F86D46BE297AA7DBD6B138D /* CalculatorAppTests.xctest */;
			productType = "com.apple.product-type.bundle.unit-test";
		};
/* End PBXNativeTarget section */

/* Begin PBXProject section */
		4F86DFF61BD56A0067C59EBD /* Project object */ = {
			isa = PBXProject;
			attributes = {
				ORGANIZATIONNAME = ___FULLUSERNAME___;
			};
			buildConfigurationList = 4F86DAD653A03C2FB0B8AD6D /* Build configuration list for PBXProject "CalculatorApp" */;
			compatibilityVersion = "Xcode 3.2";
			developmentRegion = English;
			hasScannedForEncodings = 0;
			knownRegions = (
				en,
			);
			mainGroup = 4F86DE4C813E8C03C76AD2A8;
			productRefGroup = 4F86D57ACBB14A66B5A57BED /* Products */;
			projectDirPath = "";
			projectRoot = "";
			targets = (
				4F86D3C4FB6977F5FD4CAAA4 /* CalculatorApp */,
				4F86DF3A77810B01C2EB6451 /* CalculatorAppTests */,
				4F86D2560D45551FDC64EC88 /* CalculatorAppUITests */,
			);
		};
/* End PBXProject section */

/* Begin PBXResourcesBuildPhase section */
		4F86D51D79A10BCA6248D09C /* Resources */ = {
			isa = PBXResourcesBuildPhase;
			buildActionMask = 2147483647;
			files = (
			);
			runOnlyForDeploymentPostprocessing = 0;
		};
		4F86D97C96E48C73E3C8818B /* Resources */ = {
			isa = PBXResourcesBuildPhase;
			buildActionMask = 2147483647;
			files = (
				4F86D91C9C1B0E82713877E3 /* Assets.xcassets in Resources */,
				4F86DFB85715FC6513191F98 /* LaunchScreen.storyboard in Resources */,
				4F86D3FEB865EA54F489D8E8 /* Main.storyboard in Resources */,
			);
			runOnlyForDeploymentPostprocessing = 0;
		};
		4F86DAF3B4ED99601D323334 /* Resources */ = {
			isa = PBXResourcesBuildPhase;
			buildActionMask = 2147483647;
			files = (
			);
			runOnlyForDeploymentPostprocessing = 0;
		};
/* End PBXResourcesBuildPhase section */

/* Begin PBXShellScriptBuildPhase section */
		748D426A8F162767EBA46690 /* [CP] Embed Pods Frameworks */ = {
			isa = PBXShellScriptBuildPhase;
			buildActionMask = 2147483647;
			files = (
			);
			inputPaths = (
				"${SRCROOT}/Pods/Target Support Files/Pods-CalculatorApp/Pods-CalculatorApp-frameworks.sh",
				"${BUILT_PRODUCTS_DIR}/Expression/Expression.framework",
			);
			name = "[CP] Embed Pods Frameworks";
			outputPaths = (
				"${TARGET_BUILD_DIR}/${FRAMEWORKS_FOLDER_PATH}/Expression.framework",
			);
			runOnlyForDeploymentPostprocessing = 0;
			shellPath = /bin/sh;
			shellScript = "\"${SRCROOT}/Pods/Target Support Files/Pods-CalculatorApp/Pods-CalculatorApp-frameworks.sh\"\n";
			showEnvVarsInLog = 0;
		};
		840EF5E4BA51A1B886C6AB2F /* [CP] Check Pods Manifest.lock */ = {
			isa = PBXShellScriptBuildPhase;
			buildActionMask = 2147483647;
			files = (
			);
			inputPaths = (
				"${PODS_PODFILE_DIR_PATH}/Podfile.lock",
				"${PODS_ROOT}/Manifest.lock",
			);
			name = "[CP] Check Pods Manifest.lock";
			outputPaths = (
				"$(DERIVED_FILE_DIR)/Pods-CalculatorApp-checkManifestLockResult.txt",
			);
			runOnlyForDeploymentPostprocessing = 0;
			shellPath = /bin/sh;
			shellScript = "diff \"${PODS_PODFILE_DIR_PATH}/Podfile.lock\" \"${PODS_ROOT}/Manifest.lock\" > /dev/null\nif [ $? != 0 ] ; then\n    # print error to STDERR\n    echo \"error: The sandbox is not in sync with the Podfile.lock. Run 'pod install' or update your CocoaPods installation.\" >&2\n    exit 1\nfi\n# This output is used by Xcode 'outputs' to avoid re-running this script phase.\necho \"SUCCESS\" > \"${SCRIPT_OUTPUT_FILE_0}\"\n";
			showEnvVarsInLog = 0;
		};
/* End PBXShellScriptBuildPhase section */

/* Begin PBXSourcesBuildPhase section */
		4F86D1CC79D64C5E04573104 /* Sources */ = {
			isa = PBXSourcesBuildPhase;
			buildActionMask = 2147483647;
			files = (
				4F86D84171DD743F836AC561 /* AppDelegate.swift in Sources */,
				4F86DE0C278375DCA2ED9DFF /* ViewController.swift in Sources */,
			);
			runOnlyForDeploymentPostprocessing = 0;
		};
		4F86D3A02F03152FCCEF6C7A /* Sources */ = {
			isa = PBXSourcesBuildPhase;
			buildActionMask = 2147483647;
			files = (
				4F86DEDA563E7055BD1EDA14 /* CalculatorAppTests.swift in Sources */,
			);
			runOnlyForDeploymentPostprocessing = 0;
		};
		4F86D7D16600BB3850C1F021 /* Sources */ = {
			isa = PBXSourcesBuildPhase;
			buildActionMask = 2147483647;
			files = (
				4F86D233DCC5443ECC77F07A /* CalculatorAppUITests.swift in Sources */,
			);
			runOnlyForDeploymentPostprocessing = 0;
		};
/* End PBXSourcesBuildPhase section */

/* Begin PBXTargetDependency section */
		4F86D250B09DC040D517D025 /* PBXTargetDependency */ = {
			isa = PBXTargetDependency;
			target = 4F86D3C4FB6977F5FD4CAAA4 /* CalculatorApp */;
			targetProxy = 4F86D425FF8BF7226B50F6DB /* PBXContainerItemProxy */;
		};
		4F86DFC6C8F139429BBC8477 /* PBXTargetDependency */ = {
			isa = PBXTargetDependency;
			target = 4F86D3C4FB6977F5FD4CAAA4 /* CalculatorApp */;
			targetProxy = 4F86DE45B35E185CB7CF7C5D /* PBXContainerItemProxy */;
		};
/* End PBXTargetDependency section */

/* Begin PBXVariantGroup section */
		4F86D4EE40FF351FD4FAD639 /* LaunchScreen.storyboard */ = {
			isa = PBXVariantGroup;
			children = (
				4F86D492B56BB1A7A3C0E239 /* Base */,
			);
			name = LaunchScreen.storyboard;
			sourceTree = "<group>";
		};
		4F86DF000CB76344B5A9DD68 /* Main.storyboard */ = {
			isa = PBXVariantGroup;
			children = (
				4F86D7D8FA6EEADF4A772F9D /* Base */,
			);
			name = Main.storyboard;
			sourceTree = "<group>";
		};
/* End PBXVariantGroup section */

/* Begin XCBuildConfiguration section */
		4F86D081DE01EC35747879CB /* Debug */ = {
			isa = XCBuildConfiguration;
			buildSettings = {
				BUNDLE_LOADER = "$(BUILT_PRODUCTS_DIR)/CalculatorApp.app/CalculatorApp";
				INFOPLIST_FILE = CalculatorAppTests/Info.plist;
				LD_RUNPATH_SEARCH_PATHS = "$(inherited) @executable_path/Frameworks @loader_path/Frameworks";
				PRODUCT_BUNDLE_IDENTIFIER = yori.a2c.CalculatorAppTests;
				PRODUCT_NAME = "$(TARGET_NAME)";
				SWIFT_VERSION = 4.0;
				TARGETED_DEVICE_FAMILY = "1,2";
				TEST_HOST = "$(BUNDLE_LOADER)";
			};
			name = Debug;
		};
		4F86D1F0B2AA498584451951 /* Debug */ = {
			isa = XCBuildConfiguration;
			buildSettings = {
				ALWAYS_SEARCH_USER_PATHS = NO;
				CLANG_ANALYZER_NONNULL = YES;
				CLANG_ANALYZER_NUMBER_OBJECT_CONVERSION = YES_AGGRESSIVE;
				CLANG_CXX_LANGUAGE_STANDARD = "gnu++14";
				CLANG_CXX_LIBRARY = "libc++";
				CLANG_ENABLE_MODULES = YES;
				CLANG_ENABLE_OBJC_ARC = YES;
				CLANG_WARN_BLOCK_CAPTURE_AUTORELEASING = YES;
				CLANG_WARN_BOOL_CONVERSION = YES;
				CLANG_WARN_COMMA = YES;
				CLANG_WARN_CONSTANT_CONVERSION = YES;
				CLANG_WARN_DIRECT_OBJC_ISA_USAGE = YES_ERROR;
				CLANG_WARN_DOCUMENTATION_COMMENTS = YES;
				CLANG_WARN_EMPTY_BODY = YES;
				CLANG_WARN_ENUM_CONVERSION = YES;
				CLANG_WARN_INFINITE_RECURSION = YES;
				CLANG_WARN_INT_CONVERSION = YES;
				CLANG_WARN_NON_LITERAL_NULL_CONVERSION = YES;
				CLANG_WARN_OBJC_LITERAL_CONVERSION = YES;
				CLANG_WARN_OBJC_ROOT_CLASS = YES_ERROR;
				CLANG_WARN_RANGE_LOOP_ANALYSIS = YES;
				CLANG_WARN_STRICT_PROTOTYPES = YES;
				CLANG_WARN_SUSPICIOUS_MOVE = YES;
				CLANG_WARN_UNGUARDED_AVAILABILITY = YES_AGGRESSIVE;
				CLANG_WARN_UNREACHABLE_CODE = YES;
				CLANG_WARN__DUPLICATE_METHOD_MATCH = YES;
				CODE_SIGN_IDENTITY = "iPhone Developer";
				COPY_PHASE_STRIP = NO;
				DEBUG_INFORMATION_FORMAT = dwarf;
				ENABLE_STRICT_OBJC_MSGSEND = YES;
				ENABLE_TESTABILITY = YES;
				GCC_C_LANGUAGE_STANDARD = gnu11;
				GCC_DYNAMIC_NO_PIC = NO;
				GCC_NO_COMMON_BLOCKS = YES;
				GCC_OPTIMIZATION_LEVEL = 0;
				GCC_PREPROCESSOR_DEFINITIONS = (
					"DEBUG=1",
					"$(inherited)",
				);
				GCC_WARN_64_TO_32_BIT_CONVERSION = YES;
				GCC_WARN_ABOUT_RETURN_TYPE = YES_ERROR;
				GCC_WARN_UNDECLARED_SELECTOR = YES;
				GCC_WARN_UNINITIALIZED_AUTOS = YES_AGGRESSIVE;
				GCC_WARN_UNUSED_FUNCTION = YES;
				GCC_WARN_UNUSED_VARIABLE = YES;
				IPHONEOS_DEPLOYMENT_TARGET = 11.2;
				MTL_ENABLE_DEBUG_INFO = YES;
				ONLY_ACTIVE_ARCH = YES;
				SDKROOT = iphoneos;
				SWIFT_ACTIVE_COMPILATION_CONDITIONS = DEBUG;
				SWIFT_OPTIMIZATION_LEVEL = "-Onone";
			};
			name = Debug;
		};
		4F86D204A37165E0D453A6C2 /* Release */ = {
			isa = XCBuildConfiguration;
			buildSettings = {
				ALWAYS_SEARCH_USER_PATHS = NO;
				CLANG_ANALYZER_NONNULL = YES;
				CLANG_ANALYZER_NUMBER_OBJECT_CONVERSION = YES_AGGRESSIVE;
				CLANG_CXX_LANGUAGE_STANDARD = "gnu++14";
				CLANG_CXX_LIBRARY = "libc++";
				CLANG_ENABLE_MODULES = YES;
				CLANG_ENABLE_OBJC_ARC = YES;
				CLANG_WARN_BLOCK_CAPTURE_AUTORELEASING = YES;
				CLANG_WARN_BOOL_CONVERSION = YES;
				CLANG_WARN_COMMA = YES;
				CLANG_WARN_CONSTANT_CONVERSION = YES;
				CLANG_WARN_DIRECT_OBJC_ISA_USAGE = YES_ERROR;
				CLANG_WARN_DOCUMENTATION_COMMENTS = YES;
				CLANG_WARN_EMPTY_BODY = YES;
				CLANG_WARN_ENUM_CONVERSION = YES;
				CLANG_WARN_INFINITE_RECURSION = YES;
				CLANG_WARN_INT_CONVERSION = YES;
				CLANG_WARN_NON_LITERAL_NULL_CONVERSION = YES;
				CLANG_WARN_OBJC_LITERAL_CONVERSION = YES;
				CLANG_WARN_OBJC_ROOT_CLASS = YES_ERROR;
				CLANG_WARN_RANGE_LOOP_ANALYSIS = YES;
				CLANG_WARN_STRICT_PROTOTYPES = YES;
				CLANG_WARN_SUSPICIOUS_MOVE = YES;
				CLANG_WARN_UNGUARDED_AVAILABILITY = YES_AGGRESSIVE;
				CLANG_WARN_UNREACHABLE_CODE = YES;
				CLANG_WARN__DUPLICATE_METHOD_MATCH = YES;
				CODE_SIGN_IDENTITY = "iPhone Developer";
				COPY_PHASE_STRIP = NO;
				DEBUG_INFORMATION_FORMAT = "dwarf-with-dsym";
				ENABLE_NS_ASSERTIONS = NO;
				ENABLE_STRICT_OBJC_MSGSEND = YES;
				GCC_C_LANGUAGE_STANDARD = gnu11;
				GCC_NO_COMMON_BLOCKS = YES;
				GCC_WARN_64_TO_32_BIT_CONVERSION = YES;
				GCC_WARN_ABOUT_RETURN_TYPE = YES_ERROR;
				GCC_WARN_UNDECLARED_SELECTOR = YES;
				GCC_WARN_UNINITIALIZED_AUTOS = YES_AGGRESSIVE;
				GCC_WARN_UNUSED_FUNCTION = YES;
				GCC_WARN_UNUSED_VARIABLE = YES;
				IPHONEOS_DEPLOYMENT_TARGET = 11.2;
				MTL_ENABLE_DEBUG_INFO = NO;
				SDKROOT = iphoneos;
				SWIFT_OPTIMIZATION_LEVEL = "-Owholemodule";
				VALIDATE_PRODUCT = YES;
			};
			name = Release;
		};
		4F86D3C4CB2893F37ABE3D3F /* Debug */ = {
			isa = XCBuildConfiguration;
			buildSettings = {
				INFOPLIST_FILE = CalculatorAppUITests/Info.plist;
				LD_RUNPATH_SEARCH_PATHS = "$(inherited) @executable_path/Frameworks @loader_path/Frameworks";
				PRODUCT_BUNDLE_IDENTIFIER = yori.a2c.CalculatorAppUITests;
				PRODUCT_NAME = "$(TARGET_NAME)";
				SWIFT_VERSION = 4.0;
				TARGETED_DEVICE_FAMILY = "1,2";
				TEST_TARGET_NAME = CalculatorApp;
			};
			name = Debug;
		};
		4F86D70002AA80157797EEA8 /* Release */ = {
			isa = XCBuildConfiguration;
			baseConfigurationReference = 13FCE933817E55908D3FC556 /* Pods-CalculatorApp.release.xcconfig */;
			buildSettings = {
				ASSETCATALOG_COMPILER_APPICON_NAME = AppIcon;
				INFOPLIST_FILE = CalculatorApp/Info.plist;
				LD_RUNPATH_SEARCH_PATHS = "$(inherited) @executable_path/Frameworks";
				PRODUCT_BUNDLE_IDENTIFIER = yori.a2c.CalculatorApp;
				PRODUCT_NAME = "$(TARGET_NAME)";
				SWIFT_VERSION = 4.0;
				TARGETED_DEVICE_FAMILY = "1,2";
			};
			name = Release;
		};
		4F86DBF9E9DA16C9F30610EB /* Debug */ = {
			isa = XCBuildConfiguration;
			baseConfigurationReference = A09E89390DD7DF93214C7AD9 /* Pods-CalculatorApp.debug.xcconfig */;
			buildSettings = {
				ASSETCATALOG_COMPILER_APPICON_NAME = AppIcon;
				INFOPLIST_FILE = CalculatorApp/Info.plist;
				LD_RUNPATH_SEARCH_PATHS = "$(inherited) @executable_path/Frameworks";
				PRODUCT_BUNDLE_IDENTIFIER = yori.a2c.CalculatorApp;
				PRODUCT_NAME = "$(TARGET_NAME)";
				SWIFT_VERSION = 4.0;
				TARGETED_DEVICE_FAMILY = "1,2";
			};
			name = Debug;
		};
		4F86DC8C09354061C6E4A3AF /* Release */ = {
			isa = XCBuildConfiguration;
			buildSettings = {
				BUNDLE_LOADER = "$(BUILT_PRODUCTS_DIR)/CalculatorApp.app/CalculatorApp";
				INFOPLIST_FILE = CalculatorAppTests/Info.plist;
				LD_RUNPATH_SEARCH_PATHS = "$(inherited) @executable_path/Frameworks @loader_path/Frameworks";
				PRODUCT_BUNDLE_IDENTIFIER = yori.a2c.CalculatorAppTests;
				PRODUCT_NAME = "$(TARGET_NAME)";
				SWIFT_VERSION = 4.0;
				TARGETED_DEVICE_FAMILY = "1,2";
				TEST_HOST = "$(BUNDLE_LOADER)";
			};
			name = Release;
		};
		4F86DFDBA7E951E587826BED /* Release */ = {
			isa = XCBuildConfiguration;
			buildSettings = {
				INFOPLIST_FILE = CalculatorAppUITests/Info.plist;
				LD_RUNPATH_SEARCH_PATHS = "$(inherited) @executable_path/Frameworks @loader_path/Frameworks";
				PRODUCT_BUNDLE_IDENTIFIER = yori.a2c.CalculatorAppUITests;
				PRODUCT_NAME = "$(TARGET_NAME)";
				SWIFT_VERSION = 4.0;
				TARGETED_DEVICE_FAMILY = "1,2";
				TEST_TARGET_NAME = CalculatorApp;
			};
			name = Release;
		};
/* End XCBuildConfiguration section */

/* Begin XCConfigurationList section */
		4F86D63FC3089D9F8280D937 /* Build configuration list for PBXNativeTarget "CalculatorApp" */ = {
			isa = XCConfigurationList;
			buildConfigurations = (
				4F86DBF9E9DA16C9F30610EB /* Debug */,
				4F86D70002AA80157797EEA8 /* Release */,
			);
			defaultConfigurationIsVisible = 0;
		};
		4F86D83B5E781E46A9C8C12F /* Build configuration list for PBXNativeTarget "CalculatorAppUITests" */ = {
			isa = XCConfigurationList;
			buildConfigurations = (
				4F86D3C4CB2893F37ABE3D3F /* Debug */,
				4F86DFDBA7E951E587826BED /* Release */,
			);
			defaultConfigurationIsVisible = 0;
		};
		4F86DAD653A03C2FB0B8AD6D /* Build configuration list for PBXProject "CalculatorApp" */ = {
			isa = XCConfigurationList;
			buildConfigurations = (
				4F86D1F0B2AA498584451951 /* Debug */,
				4F86D204A37165E0D453A6C2 /* Release */,
			);
			defaultConfigurationIsVisible = 0;
			defaultConfigurationName = Release;
		};
		4F86DFC49A49FBF39DCF603F /* Build configuration list for PBXNativeTarget "CalculatorAppTests" */ = {
			isa = XCConfigurationList;
			buildConfigurations = (
				4F86D081DE01EC35747879CB /* Debug */,
				4F86DC8C09354061C6E4A3AF /* Release */,
			);
			defaultConfigurationIsVisible = 0;
		};
/* End XCConfigurationList section */
	};
	rootObject = 4F86DFF61BD56A0067C59EBD /* Project object */;
}
